
Microsoft Visual Studio Solution File, Format Version 12.00
Project("{F2A71F9B-5D33-465A-A702-920D77279786}") = "Incremental.Indicators", "Incremental.Indicators\Incremental.Indicators.fsproj", "{DB41946D-FDB6-4185-BD12-D43A8637564F}"
EndProject
Global
	GlobalSection(SolutionConfigurationPlatforms) = preSolution
		Debug|Any CPU = Debug|Any CPU
		Release|Any CPU = Release|Any CPU
	EndGlobalSection
	GlobalSection(ProjectConfigurationPlatforms) = postSolution
		{DB41946D-FDB6-4185-BD12-D43A8637564F}.Debug|Any CPU.ActiveCfg = Debug|Any CPU
		{DB41946D-FDB6-4185-BD12-D43A8637564F}.Debug|Any CPU.Build.0 = Debug|Any CPU
		{DB41946D-FDB6-4185-BD12-D43A8637564F}.Release|Any CPU.ActiveCfg = Release|Any CPU
		{DB41946D-FDB6-4185-BD12-D43A8637564F}.Release|Any CPU.Build.0 = Release|Any CPU
	EndGlobalSection
EndGlobal
